
Microsoft Visual Studio Solution File, Format Version 12.00
# Visual Studio Version 17
VisualStudioVersion = 17.5.001.0
MinimumVisualStudioVersion = 10.0.40219.1
Project("{9A19103F-16F7-4668-BE54-9A1E7A4F7556}") = "LectorDirectorio", "LectorDirectorio.csproj", "{BE6DEE15-639C-44F6-8E40-F0179F6D9B41}"
EndProject
Global
	GlobalSection(SolutionConfigurationPlatforms) = preSolution
		Debug|Any CPU = Debug|Any CPU
		Release|Any CPU = Release|Any CPU
	EndGlobalSection
	GlobalSection(ProjectConfigurationPlatforms) = postSolution
		{BE6DEE15-639C-44F6-8E40-F0179F6D9B41}.Debug|Any CPU.ActiveCfg = Debug|Any CPU
		{BE6DEE15-639C-44F6-8E40-F0179F6D9B41}.Debug|Any CPU.Build.0 = Debug|Any CPU
		{BE6DEE15-639C-44F6-8E40-F0179F6D9B41}.Release|Any CPU.ActiveCfg = Release|Any CPU
		{BE6DEE15-639C-44F6-8E40-F0179F6D9B41}.Release|Any CPU.Build.0 = Release|Any CPU
	EndGlobalSection
	GlobalSection(SolutionProperties) = preSolution
		HideSolutionNode = FALSE
	EndGlobalSection
	GlobalSection(ExtensibilityGlobals) = postSolution
		SolutionGuid = {DCC08E67-D601-422D-92A3-3F4D76CC987F}
	EndGlobalSection
EndGlobal
